// !$*UTF8*$!
{
	archiveVersion = 1;
	classes = {
	};
	objectVersion = 46;
	objects = {

/* Begin PBXFileReference section */
		5D2287E217C8C37500D384B8 /* demo.html */ = {isa = PBXFileReference; lastKnownFileType = text.html; path = demo.html; sourceTree = "<group>"; };
		5D2287E417C8C38800D384B8 /* jquery.zoomingbox.js */ = {isa = PBXFileReference; lastKnownFileType = sourcecode.javascript; path = jquery.zoomingbox.js; sourceTree = "<group>"; };
		5D2287E617C8C38800D384B8 /* styles.css */ = {isa = PBXFileReference; lastKnownFileType = text.css; path = styles.css; sourceTree = "<group>"; };
		5D2287E717C8C38800D384B8 /* zoomingbox.css */ = {isa = PBXFileReference; lastKnownFileType = text.css; path = zoomingbox.css; sourceTree = "<group>"; };
/* End PBXFileReference section */

/* Begin PBXGroup section */
		5D2287DB17C8C33500D384B8 = {
			isa = PBXGroup;
			children = (
				5D2287E317C8C38800D384B8 /* js */,
				5D2287E517C8C38800D384B8 /* css */,
				5D2287E217C8C37500D384B8 /* demo.html */,
			);
			sourceTree = "<group>";
		};
		5D2287E317C8C38800D384B8 /* js */ = {
			isa = PBXGroup;
			children = (
				5D2287E417C8C38800D384B8 /* jquery.zoomingbox.js */,
			);
			path = js;
			sourceTree = "<group>";
		};
		5D2287E517C8C38800D384B8 /* css */ = {
			isa = PBXGroup;
			children = (
				5D2287E617C8C38800D384B8 /* styles.css */,
				5D2287E717C8C38800D384B8 /* zoomingbox.css */,
			);
			path = css;
			sourceTree = "<group>";
		};
/* End PBXGroup section */

/* Begin PBXProject section */
		5D2287DC17C8C33500D384B8 /* Project object */ = {
			isa = PBXProject;
			attributes = {
				LastUpgradeCheck = 0500;
			};
			buildConfigurationList = 5D2287DF17C8C33500D384B8 /* Build configuration list for PBXProject "zoomingBox" */;
			compatibilityVersion = "Xcode 3.2";
			developmentRegion = English;
			hasScannedForEncodings = 0;
			knownRegions = (
				en,
			);
			mainGroup = 5D2287DB17C8C33500D384B8;
			projectDirPath = "";
			projectRoot = "";
			targets = (
			);
		};
/* End PBXProject section */

/* Begin XCBuildConfiguration section */
		5D2287E017C8C33500D384B8 /* Debug */ = {
			isa = XCBuildConfiguration;
			buildSettings = {
				ONLY_ACTIVE_ARCH = YES;
			};
			name = Debug;
		};
		5D2287E117C8C33500D384B8 /* Release */ = {
			isa = XCBuildConfiguration;
			buildSettings = {
			};
			name = Release;
		};
/* End XCBuildConfiguration section */

/* Begin XCConfigurationList section */
		5D2287DF17C8C33500D384B8 /* Build configuration list for PBXProject "zoomingBox" */ = {
			isa = XCConfigurationList;
			buildConfigurations = (
				5D2287E017C8C33500D384B8 /* Debug */,
				5D2287E117C8C33500D384B8 /* Release */,
			);
			defaultConfigurationIsVisible = 0;
			defaultConfigurationName = Release;
		};
/* End XCConfigurationList section */
	};
	rootObject = 5D2287DC17C8C33500D384B8 /* Project object */;
}
